
Microsoft Visual Studio Solution File, Format Version 12.00
# Visual Studio 15
VisualStudioVersion = 15.0.26430.14
MinimumVisualStudioVersion = 10.0.40219.1
Project("{FAE04EC0-301F-11D3-BF4B-00C04F79EFBC}") = "LISTS1", "LISTS1\LISTS1.csproj", "{22557796-AA5F-4D67-AB3B-9CA885F125DF}"
EndProject
Global
	GlobalSection(SolutionConfigurationPlatforms) = preSolution
		Debug|Any CPU = Debug|Any CPU
		Release|Any CPU = Release|Any CPU
	EndGlobalSection
	GlobalSection(ProjectConfigurationPlatforms) = postSolution
		{22557796-AA5F-4D67-AB3B-9CA885F125DF}.Debug|Any CPU.ActiveCfg = Debug|Any CPU
		{22557796-AA5F-4D67-AB3B-9CA885F125DF}.Debug|Any CPU.Build.0 = Debug|Any CPU
		{22557796-AA5F-4D67-AB3B-9CA885F125DF}.Release|Any CPU.ActiveCfg = Release|Any CPU
		{22557796-AA5F-4D67-AB3B-9CA885F125DF}.Release|Any CPU.Build.0 = Release|Any CPU
	EndGlobalSection
	GlobalSection(SolutionProperties) = preSolution
		HideSolutionNode = FALSE
	EndGlobalSection
EndGlobal
